
Microsoft Visual Studio Solution File, Format Version 12.00
# Visual Studio Version 17
VisualStudioVersion = 17.0.32014.148
MinimumVisualStudioVersion = 10.0.40219.1
Project("{FAE04EC0-301F-11D3-BF4B-00C04F79EFBC}") = "eStoreTrial2", "eStoreTrial2\eStoreTrial2.csproj", "{4F2F47FF-F8FA-4D38-8281-39E6369EDEC9}"
EndProject
Global
	GlobalSection(SolutionConfigurationPlatforms) = preSolution
		Debug|Any CPU = Debug|Any CPU
		Release|Any CPU = Release|Any CPU
	EndGlobalSection
	GlobalSection(ProjectConfigurationPlatforms) = postSolution
		{4F2F47FF-F8FA-4D38-8281-39E6369EDEC9}.Debug|Any CPU.ActiveCfg = Debug|Any CPU
		{4F2F47FF-F8FA-4D38-8281-39E6369EDEC9}.Debug|Any CPU.Build.0 = Debug|Any CPU
		{4F2F47FF-F8FA-4D38-8281-39E6369EDEC9}.Release|Any CPU.ActiveCfg = Release|Any CPU
		{4F2F47FF-F8FA-4D38-8281-39E6369EDEC9}.Release|Any CPU.Build.0 = Release|Any CPU
	EndGlobalSection
	GlobalSection(SolutionProperties) = preSolution
		HideSolutionNode = FALSE
	EndGlobalSection
	GlobalSection(ExtensibilityGlobals) = postSolution
		SolutionGuid = {81F20A77-E0EA-48A5-A09D-ED49B0D4A2D8}
	EndGlobalSection
EndGlobal
